<?xml version="1.0" encoding="UTF-8" standalone="yes" ?>
<CodeBlocks_project_file>
	<FileVersion major="1" minor="6" />
	<Project>
		<Option title="Irrlicht" />
		<Option pch_mode="2" />
		<Option compiler="gcc" />
		<Build>
			<Target title="Debug">
				<Option output="Irrlicht" prefix_auto="1" extension_auto="1" />
				<Option object_output="obj\Debug\" />
				<Option type="1" />
				<Option compiler="gcc" />
				<Compiler>
					<Add option="-g" />
				</Compiler>
				<Linker>
					<Add library="lib\libirrKlang.a" />
					<Add library="lib\libIrrlicht.a" />
				</Linker>
			</Target>
			<Target title="Release">
				<Option output="bin\Release\Demon&apos;sTime" prefix_auto="1" extension_auto="1" />
				<Option object_output="obj\Release\" />
				<Option type="1" />
				<Option compiler="gcc" />
				<Compiler>
					<Add option="-O2" />
				</Compiler>
				<Linker>
					<Add option="-s" />
				</Linker>
			</Target>
		</Build>
		<Compiler>
			<Add option="-Wall" />
			<Add option="-fexceptions" />
		</Compiler>
		<Unit filename="CProgressBar.cpp" />
		<Unit filename="CProgressBar.h" />
		<Unit filename="CSampleSceneNode.h" />
		<Unit filename="Cursor.h" />
		<Unit filename="Mirror.h" />
		<Unit filename="action.cpp" />
		<Unit filename="action.h" />
		<Unit filename="cIrrEventReceiver.cpp" />
		<Unit filename="cIrrEventReceiver.h" />
		<Unit filename="compass.h" />
		<Unit filename="device.h" />
		<Unit filename="effect.cpp" />
		<Unit filename="effect.h" />
		<Unit filename="enemy.cpp" />
		<Unit filename="enemy.h" />
		<Unit filename="game.cpp" />
		<Unit filename="game.h" />
		<Unit filename="hero.cpp" />
		<Unit filename="hero.h" />
		<Unit filename="main.cpp" />
		<Unit filename="object.cpp" />
		<Unit filename="object.h" />
		<Unit filename="sound.cpp" />
		<Unit filename="sound.h" />
		<Extensions>
			<code_completion />
			<debugger />
		</Extensions>
	</Project>
</CodeBlocks_project_file>
